
Microsoft Visual Studio Solution File, Format Version 12.00
# Visual Studio Version 17
VisualStudioVersion = 17.0.31903.59
MinimumVisualStudioVersion = 10.0.40219.1
Project("{2150E333-8FDC-42A3-9474-1A3956D46DE8}") = "src", "src", "{827E0CD3-B72D-47B6-A68D-7590B98EB39B}"
EndProject
Project("{FAE04EC0-301F-11D3-BF4B-00C04F79EFBC}") = "FleetManagementSystem.Application", "src\FleetManagementSystem.Application\FleetManagementSystem.Application.csproj", "{2770DF3D-77BA-4F1B-B98B-A476BF9CC136}"
EndProject
Project("{FAE04EC0-301F-11D3-BF4B-00C04F79EFBC}") = "FleetManagementSystem.Domain", "src\FleetManagementSystem.Domain\FleetManagementSystem.Domain.csproj", "{6AA17035-34B0-46BE-8EED-4046A5062E7A}"
EndProject
Project("{FAE04EC0-301F-11D3-BF4B-00C04F79EFBC}") = "FleetManagementSystem.Infrastructure", "src\FleetManagementSystem.Infrastructure\FleetManagementSystem.Infrastructure.csproj", "{F7BBE5F8-F2A0-456B-B26F-09966700D4A2}"
EndProject
Project("{FAE04EC0-301F-11D3-BF4B-00C04F79EFBC}") = "API", "src\API\API.csproj", "{A03EE90E-0EAD-44D4-AFE3-035406B25E7E}"
EndProject
Global
	GlobalSection(SolutionConfigurationPlatforms) = preSolution
		Debug|Any CPU = Debug|Any CPU
		Debug|x64 = Debug|x64
		Debug|x86 = Debug|x86
		Release|Any CPU = Release|Any CPU
		Release|x64 = Release|x64
		Release|x86 = Release|x86
	EndGlobalSection
	GlobalSection(ProjectConfigurationPlatforms) = postSolution
		{2770DF3D-77BA-4F1B-B98B-A476BF9CC136}.Debug|Any CPU.ActiveCfg = Debug|Any CPU
		{2770DF3D-77BA-4F1B-B98B-A476BF9CC136}.Debug|Any CPU.Build.0 = Debug|Any CPU
		{2770DF3D-77BA-4F1B-B98B-A476BF9CC136}.Debug|x64.ActiveCfg = Debug|Any CPU
		{2770DF3D-77BA-4F1B-B98B-A476BF9CC136}.Debug|x64.Build.0 = Debug|Any CPU
		{2770DF3D-77BA-4F1B-B98B-A476BF9CC136}.Debug|x86.ActiveCfg = Debug|Any CPU
		{2770DF3D-77BA-4F1B-B98B-A476BF9CC136}.Debug|x86.Build.0 = Debug|Any CPU
		{2770DF3D-77BA-4F1B-B98B-A476BF9CC136}.Release|Any CPU.ActiveCfg = Release|Any CPU
		{2770DF3D-77BA-4F1B-B98B-A476BF9CC136}.Release|Any CPU.Build.0 = Release|Any CPU
		{2770DF3D-77BA-4F1B-B98B-A476BF9CC136}.Release|x64.ActiveCfg = Release|Any CPU
		{2770DF3D-77BA-4F1B-B98B-A476BF9CC136}.Release|x64.Build.0 = Release|Any CPU
		{2770DF3D-77BA-4F1B-B98B-A476BF9CC136}.Release|x86.ActiveCfg = Release|Any CPU
		{2770DF3D-77BA-4F1B-B98B-A476BF9CC136}.Release|x86.Build.0 = Release|Any CPU
		{6AA17035-34B0-46BE-8EED-4046A5062E7A}.Debug|Any CPU.ActiveCfg = Debug|Any CPU
		{6AA17035-34B0-46BE-8EED-4046A5062E7A}.Debug|Any CPU.Build.0 = Debug|Any CPU
		{6AA17035-34B0-46BE-8EED-4046A5062E7A}.Debug|x64.ActiveCfg = Debug|Any CPU
		{6AA17035-34B0-46BE-8EED-4046A5062E7A}.Debug|x64.Build.0 = Debug|Any CPU
		{6AA17035-34B0-46BE-8EED-4046A5062E7A}.Debug|x86.ActiveCfg = Debug|Any CPU
		{6AA17035-34B0-46BE-8EED-4046A5062E7A}.Debug|x86.Build.0 = Debug|Any CPU
		{6AA17035-34B0-46BE-8EED-4046A5062E7A}.Release|Any CPU.ActiveCfg = Release|Any CPU
		{6AA17035-34B0-46BE-8EED-4046A5062E7A}.Release|Any CPU.Build.0 = Release|Any CPU
		{6AA17035-34B0-46BE-8EED-4046A5062E7A}.Release|x64.ActiveCfg = Release|Any CPU
		{6AA17035-34B0-46BE-8EED-4046A5062E7A}.Release|x64.Build.0 = Release|Any CPU
		{6AA17035-34B0-46BE-8EED-4046A5062E7A}.Release|x86.ActiveCfg = Release|Any CPU
		{6AA17035-34B0-46BE-8EED-4046A5062E7A}.Release|x86.Build.0 = Release|Any CPU
		{F7BBE5F8-F2A0-456B-B26F-09966700D4A2}.Debug|Any CPU.ActiveCfg = Debug|Any CPU
		{F7BBE5F8-F2A0-456B-B26F-09966700D4A2}.Debug|Any CPU.Build.0 = Debug|Any CPU
		{F7BBE5F8-F2A0-456B-B26F-09966700D4A2}.Debug|x64.ActiveCfg = Debug|Any CPU
		{F7BBE5F8-F2A0-456B-B26F-09966700D4A2}.Debug|x64.Build.0 = Debug|Any CPU
		{F7BBE5F8-F2A0-456B-B26F-09966700D4A2}.Debug|x86.ActiveCfg = Debug|Any CPU
		{F7BBE5F8-F2A0-456B-B26F-09966700D4A2}.Debug|x86.Build.0 = Debug|Any CPU
		{F7BBE5F8-F2A0-456B-B26F-09966700D4A2}.Release|Any CPU.ActiveCfg = Release|Any CPU
		{F7BBE5F8-F2A0-456B-B26F-09966700D4A2}.Release|Any CPU.Build.0 = Release|Any CPU
		{F7BBE5F8-F2A0-456B-B26F-09966700D4A2}.Release|x64.ActiveCfg = Release|Any CPU
		{F7BBE5F8-F2A0-456B-B26F-09966700D4A2}.Release|x64.Build.0 = Release|Any CPU
		{F7BBE5F8-F2A0-456B-B26F-09966700D4A2}.Release|x86.ActiveCfg = Release|Any CPU
		{F7BBE5F8-F2A0-456B-B26F-09966700D4A2}.Release|x86.Build.0 = Release|Any CPU
		{A03EE90E-0EAD-44D4-AFE3-035406B25E7E}.Debug|Any CPU.ActiveCfg = Debug|Any CPU
		{A03EE90E-0EAD-44D4-AFE3-035406B25E7E}.Debug|Any CPU.Build.0 = Debug|Any CPU
		{A03EE90E-0EAD-44D4-AFE3-035406B25E7E}.Debug|x64.ActiveCfg = Debug|Any CPU
		{A03EE90E-0EAD-44D4-AFE3-035406B25E7E}.Debug|x64.Build.0 = Debug|Any CPU
		{A03EE90E-0EAD-44D4-AFE3-035406B25E7E}.Debug|x86.ActiveCfg = Debug|Any CPU
		{A03EE90E-0EAD-44D4-AFE3-035406B25E7E}.Debug|x86.Build.0 = Debug|Any CPU
		{A03EE90E-0EAD-44D4-AFE3-035406B25E7E}.Release|Any CPU.ActiveCfg = Release|Any CPU
		{A03EE90E-0EAD-44D4-AFE3-035406B25E7E}.Release|Any CPU.Build.0 = Release|Any CPU
		{A03EE90E-0EAD-44D4-AFE3-035406B25E7E}.Release|x64.ActiveCfg = Release|Any CPU
		{A03EE90E-0EAD-44D4-AFE3-035406B25E7E}.Release|x64.Build.0 = Release|Any CPU
		{A03EE90E-0EAD-44D4-AFE3-035406B25E7E}.Release|x86.ActiveCfg = Release|Any CPU
		{A03EE90E-0EAD-44D4-AFE3-035406B25E7E}.Release|x86.Build.0 = Release|Any CPU
	EndGlobalSection
	GlobalSection(SolutionProperties) = preSolution
		HideSolutionNode = FALSE
	EndGlobalSection
	GlobalSection(NestedProjects) = preSolution
		{2770DF3D-77BA-4F1B-B98B-A476BF9CC136} = {827E0CD3-B72D-47B6-A68D-7590B98EB39B}
		{6AA17035-34B0-46BE-8EED-4046A5062E7A} = {827E0CD3-B72D-47B6-A68D-7590B98EB39B}
		{F7BBE5F8-F2A0-456B-B26F-09966700D4A2} = {827E0CD3-B72D-47B6-A68D-7590B98EB39B}
		{A03EE90E-0EAD-44D4-AFE3-035406B25E7E} = {827E0CD3-B72D-47B6-A68D-7590B98EB39B}
	EndGlobalSection
EndGlobal
